
Microsoft Visual Studio Solution File, Format Version 12.00
# Visual Studio 15
VisualStudioVersion = 15.0.27004.2009
MinimumVisualStudioVersion = 10.0.40219.1
Project("{FAE04EC0-301F-11D3-BF4B-00C04F79EFBC}") = "Autenticacion", "Autenticacion\Autenticacion.csproj", "{45DC3A85-C251-40EA-862E-5EB836CF61FB}"
EndProject
Project("{FAE04EC0-301F-11D3-BF4B-00C04F79EFBC}") = "DefaultApi", "DefaultApi\DefaultApi.csproj", "{4E8639C6-0EAA-4688-BF5A-11876EB0D8B8}"
EndProject
Project("{FAE04EC0-301F-11D3-BF4B-00C04F79EFBC}") = "JavaScriptClient", "JavaScriptClient\JavaScriptClient.csproj", "{AA47E5F0-75A3-41C0-937A-448326938387}"
EndProject
Global
	GlobalSection(SolutionConfigurationPlatforms) = preSolution
		Debug|Any CPU = Debug|Any CPU
		Release|Any CPU = Release|Any CPU
	EndGlobalSection
	GlobalSection(ProjectConfigurationPlatforms) = postSolution
		{45DC3A85-C251-40EA-862E-5EB836CF61FB}.Debug|Any CPU.ActiveCfg = Debug|Any CPU
		{45DC3A85-C251-40EA-862E-5EB836CF61FB}.Debug|Any CPU.Build.0 = Debug|Any CPU
		{45DC3A85-C251-40EA-862E-5EB836CF61FB}.Release|Any CPU.ActiveCfg = Release|Any CPU
		{45DC3A85-C251-40EA-862E-5EB836CF61FB}.Release|Any CPU.Build.0 = Release|Any CPU
		{4E8639C6-0EAA-4688-BF5A-11876EB0D8B8}.Debug|Any CPU.ActiveCfg = Debug|Any CPU
		{4E8639C6-0EAA-4688-BF5A-11876EB0D8B8}.Debug|Any CPU.Build.0 = Debug|Any CPU
		{4E8639C6-0EAA-4688-BF5A-11876EB0D8B8}.Release|Any CPU.ActiveCfg = Release|Any CPU
		{4E8639C6-0EAA-4688-BF5A-11876EB0D8B8}.Release|Any CPU.Build.0 = Release|Any CPU
		{AA47E5F0-75A3-41C0-937A-448326938387}.Debug|Any CPU.ActiveCfg = Debug|Any CPU
		{AA47E5F0-75A3-41C0-937A-448326938387}.Debug|Any CPU.Build.0 = Debug|Any CPU
		{AA47E5F0-75A3-41C0-937A-448326938387}.Release|Any CPU.ActiveCfg = Release|Any CPU
		{AA47E5F0-75A3-41C0-937A-448326938387}.Release|Any CPU.Build.0 = Release|Any CPU
	EndGlobalSection
	GlobalSection(SolutionProperties) = preSolution
		HideSolutionNode = FALSE
	EndGlobalSection
	GlobalSection(ExtensibilityGlobals) = postSolution
		SolutionGuid = {D8AC648A-60DD-4977-B34D-C3CF6F7D1860}
	EndGlobalSection
EndGlobal
